
Microsoft Visual Studio Solution File, Format Version 12.00
# Visual Studio Version 17
VisualStudioVersion = 17.7.34024.191
MinimumVisualStudioVersion = 10.0.40219.1
Project("{9A19103F-16F7-4668-BE54-9A1E7A4F7556}") = "C# NET5", "C# NET5\C# NET5.csproj", "{D20C235A-274F-473F-AA8F-03E172547C94}"
EndProject
Project("{9A19103F-16F7-4668-BE54-9A1E7A4F7556}") = "multithreading1", "multithreading1\multithreading1.csproj", "{6C76ABE5-4300-42ED-8493-A66548AFB880}"
EndProject
Project("{2150E333-8FDC-42A3-9474-1A3956D46DE8}") = "keywords", "keywords", "{265F284F-DE52-4C37-96C3-E0CC0A3BA80C}"
EndProject
Project("{9A19103F-16F7-4668-BE54-9A1E7A4F7556}") = "volatile1", "volatile1\volatile1.csproj", "{DC646570-E8EE-42F1-B652-751BE3D30C79}"
EndProject
Project("{9A19103F-16F7-4668-BE54-9A1E7A4F7556}") = "interlocked", "interlocked\interlocked.csproj", "{622D5D0B-CA92-416E-BB31-5E1B0D0E5C23}"
EndProject
Project("{2150E333-8FDC-42A3-9474-1A3956D46DE8}") = "multithreading", "multithreading", "{A88B017A-892E-446D-8E68-2517C348E7EC}"
EndProject
Project("{2150E333-8FDC-42A3-9474-1A3956D46DE8}") = "microsoft", "microsoft", "{5B8E0943-E177-40AB-BCD9-D1475906363A}"
EndProject
Project("{2150E333-8FDC-42A3-9474-1A3956D46DE8}") = "keywords", "keywords", "{EF43E2CF-4ECC-42F2-AB9D-AA766AAF064B}"
EndProject
Project("{9A19103F-16F7-4668-BE54-9A1E7A4F7556}") = "volatile", "microsoft\keywords\volatile\volatile.csproj", "{C96A0DEE-0BEA-4C35-8727-DDEB16923D31}"
EndProject
Project("{9A19103F-16F7-4668-BE54-9A1E7A4F7556}") = "common", "microsoft\common\common.csproj", "{241E634A-41D9-4261-AF00-2AB9D918F3DD}"
EndProject
Project("{2150E333-8FDC-42A3-9474-1A3956D46DE8}") = "metanit", "metanit", "{8C7C28D1-EE0B-429B-8F19-B62C43A220A4}"
EndProject
Project("{9A19103F-16F7-4668-BE54-9A1E7A4F7556}") = "lock", "metanit\lock\lock.csproj", "{D103B9AC-77CA-41B2-B4D6-2FCB072C897A}"
EndProject
Project("{2150E333-8FDC-42A3-9474-1A3956D46DE8}") = "interview", "interview", "{CF08AD90-9D19-4E76-89BC-692FD53E5BE7}"
EndProject
Project("{9A19103F-16F7-4668-BE54-9A1E7A4F7556}") = "ex2", "interview\ex2\ex2.csproj", "{7515C392-68BD-47D9-B7AE-41411CA7D5B7}"
EndProject
Project("{9A19103F-16F7-4668-BE54-9A1E7A4F7556}") = "ex3", "interview\ex3\ex3.csproj", "{BDBC39DA-C4AE-484D-8C0B-A51BED42869B}"
EndProject
Project("{9A19103F-16F7-4668-BE54-9A1E7A4F7556}") = "ex4", "interview\ex4\ex4.csproj", "{B56D4793-2FEF-42BD-BB81-64ECE4B7DD0D}"
EndProject
Project("{9A19103F-16F7-4668-BE54-9A1E7A4F7556}") = "ex5", "interview\ex5\ex5.csproj", "{87BD5E02-3A6D-4971-A2D3-CE6EA3693424}"
EndProject
Project("{9A19103F-16F7-4668-BE54-9A1E7A4F7556}") = "ex6", "interview\ex6\ex6.csproj", "{86DF9F08-33CC-4248-AD3F-09115C9227B1}"
EndProject
Project("{9A19103F-16F7-4668-BE54-9A1E7A4F7556}") = "ex7", "interview\ex7\ex7.csproj", "{80346F6E-1F32-48B3-8CB1-68EAEFB583FA}"
EndProject
Project("{9A19103F-16F7-4668-BE54-9A1E7A4F7556}") = "ex8", "interview\ex8\ex8.csproj", "{AB1DDCEE-B94F-4C0A-8B66-56D2BEA77BA5}"
EndProject
Project("{9A19103F-16F7-4668-BE54-9A1E7A4F7556}") = "ex9", "interview\ex9\ex9.csproj", "{A888A789-5AE2-4993-83E8-ED20DDB447D2}"
EndProject
Project("{9A19103F-16F7-4668-BE54-9A1E7A4F7556}") = "ex1", "interview\ex1\ex1.csproj", "{7D840EE9-2BE3-4930-8BA3-35E13E7C2225}"
EndProject
Project("{9A19103F-16F7-4668-BE54-9A1E7A4F7556}") = "middle", "metanit\middle\middle.csproj", "{A4F91A43-A0D8-4608-BAC1-3BBDD69FE66F}"
EndProject
Project("{9A19103F-16F7-4668-BE54-9A1E7A4F7556}") = "problembook.net", "problembook.net\problembook.net.csproj", "{0D6DCDC9-E4D0-46D5-ABBE-89B14ED53505}"
EndProject
Project("{2150E333-8FDC-42A3-9474-1A3956D46DE8}") = "data", "data", "{6C855697-DED5-4948-8C9A-C07A9122AD81}"
	ProjectSection(SolutionItems) = preProject
		README.md = README.md
	EndProjectSection
EndProject
Project("{FAE04EC0-301F-11D3-BF4B-00C04F79EFBC}") = "stringEquality", "stringEquality\stringEquality.csproj", "{84530C3F-46B8-4C69-9EB3-529858B60858}"
EndProject
Project("{FAE04EC0-301F-11D3-BF4B-00C04F79EFBC}") = "strings", "strings\strings.csproj", "{C595B2B4-E111-4F94-A00B-69918108F7F4}"
EndProject
Global
	GlobalSection(SolutionConfigurationPlatforms) = preSolution
		Debug|Any CPU = Debug|Any CPU
		Release|Any CPU = Release|Any CPU
	EndGlobalSection
	GlobalSection(ProjectConfigurationPlatforms) = postSolution
		{D20C235A-274F-473F-AA8F-03E172547C94}.Debug|Any CPU.ActiveCfg = Debug|Any CPU
		{D20C235A-274F-473F-AA8F-03E172547C94}.Debug|Any CPU.Build.0 = Debug|Any CPU
		{D20C235A-274F-473F-AA8F-03E172547C94}.Release|Any CPU.ActiveCfg = Release|Any CPU
		{D20C235A-274F-473F-AA8F-03E172547C94}.Release|Any CPU.Build.0 = Release|Any CPU
		{6C76ABE5-4300-42ED-8493-A66548AFB880}.Debug|Any CPU.ActiveCfg = Debug|Any CPU
		{6C76ABE5-4300-42ED-8493-A66548AFB880}.Debug|Any CPU.Build.0 = Debug|Any CPU
		{6C76ABE5-4300-42ED-8493-A66548AFB880}.Release|Any CPU.ActiveCfg = Release|Any CPU
		{6C76ABE5-4300-42ED-8493-A66548AFB880}.Release|Any CPU.Build.0 = Release|Any CPU
		{DC646570-E8EE-42F1-B652-751BE3D30C79}.Debug|Any CPU.ActiveCfg = Debug|Any CPU
		{DC646570-E8EE-42F1-B652-751BE3D30C79}.Debug|Any CPU.Build.0 = Debug|Any CPU
		{DC646570-E8EE-42F1-B652-751BE3D30C79}.Release|Any CPU.ActiveCfg = Release|Any CPU
		{DC646570-E8EE-42F1-B652-751BE3D30C79}.Release|Any CPU.Build.0 = Release|Any CPU
		{622D5D0B-CA92-416E-BB31-5E1B0D0E5C23}.Debug|Any CPU.ActiveCfg = Debug|Any CPU
		{622D5D0B-CA92-416E-BB31-5E1B0D0E5C23}.Debug|Any CPU.Build.0 = Debug|Any CPU
		{622D5D0B-CA92-416E-BB31-5E1B0D0E5C23}.Release|Any CPU.ActiveCfg = Release|Any CPU
		{622D5D0B-CA92-416E-BB31-5E1B0D0E5C23}.Release|Any CPU.Build.0 = Release|Any CPU
		{C96A0DEE-0BEA-4C35-8727-DDEB16923D31}.Debug|Any CPU.ActiveCfg = Debug|Any CPU
		{C96A0DEE-0BEA-4C35-8727-DDEB16923D31}.Debug|Any CPU.Build.0 = Debug|Any CPU
		{C96A0DEE-0BEA-4C35-8727-DDEB16923D31}.Release|Any CPU.ActiveCfg = Release|Any CPU
		{C96A0DEE-0BEA-4C35-8727-DDEB16923D31}.Release|Any CPU.Build.0 = Release|Any CPU
		{241E634A-41D9-4261-AF00-2AB9D918F3DD}.Debug|Any CPU.ActiveCfg = Debug|Any CPU
		{241E634A-41D9-4261-AF00-2AB9D918F3DD}.Debug|Any CPU.Build.0 = Debug|Any CPU
		{241E634A-41D9-4261-AF00-2AB9D918F3DD}.Release|Any CPU.ActiveCfg = Release|Any CPU
		{241E634A-41D9-4261-AF00-2AB9D918F3DD}.Release|Any CPU.Build.0 = Release|Any CPU
		{D103B9AC-77CA-41B2-B4D6-2FCB072C897A}.Debug|Any CPU.ActiveCfg = Debug|Any CPU
		{D103B9AC-77CA-41B2-B4D6-2FCB072C897A}.Debug|Any CPU.Build.0 = Debug|Any CPU
		{D103B9AC-77CA-41B2-B4D6-2FCB072C897A}.Release|Any CPU.ActiveCfg = Release|Any CPU
		{D103B9AC-77CA-41B2-B4D6-2FCB072C897A}.Release|Any CPU.Build.0 = Release|Any CPU
		{7515C392-68BD-47D9-B7AE-41411CA7D5B7}.Debug|Any CPU.ActiveCfg = Debug|Any CPU
		{7515C392-68BD-47D9-B7AE-41411CA7D5B7}.Debug|Any CPU.Build.0 = Debug|Any CPU
		{7515C392-68BD-47D9-B7AE-41411CA7D5B7}.Release|Any CPU.ActiveCfg = Release|Any CPU
		{7515C392-68BD-47D9-B7AE-41411CA7D5B7}.Release|Any CPU.Build.0 = Release|Any CPU
		{BDBC39DA-C4AE-484D-8C0B-A51BED42869B}.Debug|Any CPU.ActiveCfg = Debug|Any CPU
		{BDBC39DA-C4AE-484D-8C0B-A51BED42869B}.Debug|Any CPU.Build.0 = Debug|Any CPU
		{BDBC39DA-C4AE-484D-8C0B-A51BED42869B}.Release|Any CPU.ActiveCfg = Release|Any CPU
		{BDBC39DA-C4AE-484D-8C0B-A51BED42869B}.Release|Any CPU.Build.0 = Release|Any CPU
		{B56D4793-2FEF-42BD-BB81-64ECE4B7DD0D}.Debug|Any CPU.ActiveCfg = Debug|Any CPU
		{B56D4793-2FEF-42BD-BB81-64ECE4B7DD0D}.Debug|Any CPU.Build.0 = Debug|Any CPU
		{B56D4793-2FEF-42BD-BB81-64ECE4B7DD0D}.Release|Any CPU.ActiveCfg = Release|Any CPU
		{B56D4793-2FEF-42BD-BB81-64ECE4B7DD0D}.Release|Any CPU.Build.0 = Release|Any CPU
		{87BD5E02-3A6D-4971-A2D3-CE6EA3693424}.Debug|Any CPU.ActiveCfg = Debug|Any CPU
		{87BD5E02-3A6D-4971-A2D3-CE6EA3693424}.Debug|Any CPU.Build.0 = Debug|Any CPU
		{87BD5E02-3A6D-4971-A2D3-CE6EA3693424}.Release|Any CPU.ActiveCfg = Release|Any CPU
		{87BD5E02-3A6D-4971-A2D3-CE6EA3693424}.Release|Any CPU.Build.0 = Release|Any CPU
		{86DF9F08-33CC-4248-AD3F-09115C9227B1}.Debug|Any CPU.ActiveCfg = Debug|Any CPU
		{86DF9F08-33CC-4248-AD3F-09115C9227B1}.Debug|Any CPU.Build.0 = Debug|Any CPU
		{86DF9F08-33CC-4248-AD3F-09115C9227B1}.Release|Any CPU.ActiveCfg = Release|Any CPU
		{86DF9F08-33CC-4248-AD3F-09115C9227B1}.Release|Any CPU.Build.0 = Release|Any CPU
		{80346F6E-1F32-48B3-8CB1-68EAEFB583FA}.Debug|Any CPU.ActiveCfg = Debug|Any CPU
		{80346F6E-1F32-48B3-8CB1-68EAEFB583FA}.Debug|Any CPU.Build.0 = Debug|Any CPU
		{80346F6E-1F32-48B3-8CB1-68EAEFB583FA}.Release|Any CPU.ActiveCfg = Release|Any CPU
		{80346F6E-1F32-48B3-8CB1-68EAEFB583FA}.Release|Any CPU.Build.0 = Release|Any CPU
		{AB1DDCEE-B94F-4C0A-8B66-56D2BEA77BA5}.Debug|Any CPU.ActiveCfg = Debug|Any CPU
		{AB1DDCEE-B94F-4C0A-8B66-56D2BEA77BA5}.Debug|Any CPU.Build.0 = Debug|Any CPU
		{AB1DDCEE-B94F-4C0A-8B66-56D2BEA77BA5}.Release|Any CPU.ActiveCfg = Release|Any CPU
		{AB1DDCEE-B94F-4C0A-8B66-56D2BEA77BA5}.Release|Any CPU.Build.0 = Release|Any CPU
		{A888A789-5AE2-4993-83E8-ED20DDB447D2}.Debug|Any CPU.ActiveCfg = Debug|Any CPU
		{A888A789-5AE2-4993-83E8-ED20DDB447D2}.Debug|Any CPU.Build.0 = Debug|Any CPU
		{A888A789-5AE2-4993-83E8-ED20DDB447D2}.Release|Any CPU.ActiveCfg = Release|Any CPU
		{A888A789-5AE2-4993-83E8-ED20DDB447D2}.Release|Any CPU.Build.0 = Release|Any CPU
		{7D840EE9-2BE3-4930-8BA3-35E13E7C2225}.Debug|Any CPU.ActiveCfg = Debug|Any CPU
		{7D840EE9-2BE3-4930-8BA3-35E13E7C2225}.Debug|Any CPU.Build.0 = Debug|Any CPU
		{7D840EE9-2BE3-4930-8BA3-35E13E7C2225}.Release|Any CPU.ActiveCfg = Release|Any CPU
		{7D840EE9-2BE3-4930-8BA3-35E13E7C2225}.Release|Any CPU.Build.0 = Release|Any CPU
		{A4F91A43-A0D8-4608-BAC1-3BBDD69FE66F}.Debug|Any CPU.ActiveCfg = Debug|Any CPU
		{A4F91A43-A0D8-4608-BAC1-3BBDD69FE66F}.Debug|Any CPU.Build.0 = Debug|Any CPU
		{A4F91A43-A0D8-4608-BAC1-3BBDD69FE66F}.Release|Any CPU.ActiveCfg = Release|Any CPU
		{A4F91A43-A0D8-4608-BAC1-3BBDD69FE66F}.Release|Any CPU.Build.0 = Release|Any CPU
		{0D6DCDC9-E4D0-46D5-ABBE-89B14ED53505}.Debug|Any CPU.ActiveCfg = Debug|Any CPU
		{0D6DCDC9-E4D0-46D5-ABBE-89B14ED53505}.Debug|Any CPU.Build.0 = Debug|Any CPU
		{0D6DCDC9-E4D0-46D5-ABBE-89B14ED53505}.Release|Any CPU.ActiveCfg = Release|Any CPU
		{0D6DCDC9-E4D0-46D5-ABBE-89B14ED53505}.Release|Any CPU.Build.0 = Release|Any CPU
		{84530C3F-46B8-4C69-9EB3-529858B60858}.Debug|Any CPU.ActiveCfg = Debug|Any CPU
		{84530C3F-46B8-4C69-9EB3-529858B60858}.Debug|Any CPU.Build.0 = Debug|Any CPU
		{84530C3F-46B8-4C69-9EB3-529858B60858}.Release|Any CPU.ActiveCfg = Release|Any CPU
		{84530C3F-46B8-4C69-9EB3-529858B60858}.Release|Any CPU.Build.0 = Release|Any CPU
		{C595B2B4-E111-4F94-A00B-69918108F7F4}.Debug|Any CPU.ActiveCfg = Debug|Any CPU
		{C595B2B4-E111-4F94-A00B-69918108F7F4}.Debug|Any CPU.Build.0 = Debug|Any CPU
		{C595B2B4-E111-4F94-A00B-69918108F7F4}.Release|Any CPU.ActiveCfg = Release|Any CPU
		{C595B2B4-E111-4F94-A00B-69918108F7F4}.Release|Any CPU.Build.0 = Release|Any CPU
	EndGlobalSection
	GlobalSection(SolutionProperties) = preSolution
		HideSolutionNode = FALSE
	EndGlobalSection
	GlobalSection(NestedProjects) = preSolution
		{DC646570-E8EE-42F1-B652-751BE3D30C79} = {265F284F-DE52-4C37-96C3-E0CC0A3BA80C}
		{622D5D0B-CA92-416E-BB31-5E1B0D0E5C23} = {A88B017A-892E-446D-8E68-2517C348E7EC}
		{EF43E2CF-4ECC-42F2-AB9D-AA766AAF064B} = {5B8E0943-E177-40AB-BCD9-D1475906363A}
		{C96A0DEE-0BEA-4C35-8727-DDEB16923D31} = {EF43E2CF-4ECC-42F2-AB9D-AA766AAF064B}
		{241E634A-41D9-4261-AF00-2AB9D918F3DD} = {5B8E0943-E177-40AB-BCD9-D1475906363A}
		{D103B9AC-77CA-41B2-B4D6-2FCB072C897A} = {8C7C28D1-EE0B-429B-8F19-B62C43A220A4}
		{7515C392-68BD-47D9-B7AE-41411CA7D5B7} = {CF08AD90-9D19-4E76-89BC-692FD53E5BE7}
		{BDBC39DA-C4AE-484D-8C0B-A51BED42869B} = {CF08AD90-9D19-4E76-89BC-692FD53E5BE7}
		{B56D4793-2FEF-42BD-BB81-64ECE4B7DD0D} = {CF08AD90-9D19-4E76-89BC-692FD53E5BE7}
		{87BD5E02-3A6D-4971-A2D3-CE6EA3693424} = {CF08AD90-9D19-4E76-89BC-692FD53E5BE7}
		{86DF9F08-33CC-4248-AD3F-09115C9227B1} = {CF08AD90-9D19-4E76-89BC-692FD53E5BE7}
		{80346F6E-1F32-48B3-8CB1-68EAEFB583FA} = {CF08AD90-9D19-4E76-89BC-692FD53E5BE7}
		{AB1DDCEE-B94F-4C0A-8B66-56D2BEA77BA5} = {CF08AD90-9D19-4E76-89BC-692FD53E5BE7}
		{A888A789-5AE2-4993-83E8-ED20DDB447D2} = {CF08AD90-9D19-4E76-89BC-692FD53E5BE7}
		{7D840EE9-2BE3-4930-8BA3-35E13E7C2225} = {CF08AD90-9D19-4E76-89BC-692FD53E5BE7}
		{A4F91A43-A0D8-4608-BAC1-3BBDD69FE66F} = {8C7C28D1-EE0B-429B-8F19-B62C43A220A4}
		{84530C3F-46B8-4C69-9EB3-529858B60858} = {5B8E0943-E177-40AB-BCD9-D1475906363A}
	EndGlobalSection
	GlobalSection(ExtensibilityGlobals) = postSolution
		SolutionGuid = {A8E5A937-1DBC-49B1-9EF2-5E859F1113B7}
	EndGlobalSection
EndGlobal
